// !$*UTF8*$!
{
	archiveVersion = 1;
	classes = {
	};
	objectVersion = 50;
	objects = {

/* Begin PBXBuildFile section */
		602F3A5A3B8484316425828F /* libPods-CZStatusView.a in Frameworks */ = {isa = PBXBuildFile; fileRef = 54FE6349DF2276942D47FF7B /* libPods-CZStatusView.a */; };
		9462893F226DA975006F75AF /* CZStatusView.m in Sources */ = {isa = PBXBuildFile; fileRef = 9462893E226DA975006F75AF /* CZStatusView.m */; };
		94628943226DEDD2006F75AF /* ProjectStatusView.m in Sources */ = {isa = PBXBuildFile; fileRef = 94628942226DEDD2006F75AF /* ProjectStatusView.m */; };
		947195C0226C65140041F431 /* AppDelegate.m in Sources */ = {isa = PBXBuildFile; fileRef = 947195BF226C65140041F431 /* AppDelegate.m */; };
		947195C3226C65140041F431 /* ViewController.m in Sources */ = {isa = PBXBuildFile; fileRef = 947195C2226C65140041F431 /* ViewController.m */; };
		947195C6226C65140041F431 /* Main.storyboard in Resources */ = {isa = PBXBuildFile; fileRef = 947195C4226C65140041F431 /* Main.storyboard */; };
		947195C8226C65150041F431 /* Assets.xcassets in Resources */ = {isa = PBXBuildFile; fileRef = 947195C7226C65150041F431 /* Assets.xcassets */; };
		947195CB226C65150041F431 /* LaunchScreen.storyboard in Resources */ = {isa = PBXBuildFile; fileRef = 947195C9226C65150041F431 /* LaunchScreen.storyboard */; };
		947195CE226C65150041F431 /* main.m in Sources */ = {isa = PBXBuildFile; fileRef = 947195CD226C65150041F431 /* main.m */; };
/* End PBXBuildFile section */

/* Begin PBXFileReference section */
		54FE6349DF2276942D47FF7B /* libPods-CZStatusView.a */ = {isa = PBXFileReference; explicitFileType = archive.ar; includeInIndex = 0; path = "libPods-CZStatusView.a"; sourceTree = BUILT_PRODUCTS_DIR; };
		9462893D226DA975006F75AF /* CZStatusView.h */ = {isa = PBXFileReference; lastKnownFileType = sourcecode.c.h; path = CZStatusView.h; sourceTree = "<group>"; };
		9462893E226DA975006F75AF /* CZStatusView.m */ = {isa = PBXFileReference; lastKnownFileType = sourcecode.c.objc; path = CZStatusView.m; sourceTree = "<group>"; };
		94628941226DEDD2006F75AF /* ProjectStatusView.h */ = {isa = PBXFileReference; lastKnownFileType = sourcecode.c.h; path = ProjectStatusView.h; sourceTree = "<group>"; };
		94628942226DEDD2006F75AF /* ProjectStatusView.m */ = {isa = PBXFileReference; lastKnownFileType = sourcecode.c.objc; path = ProjectStatusView.m; sourceTree = "<group>"; };
		947195BB226C65140041F431 /* CZStatusView.app */ = {isa = PBXFileReference; explicitFileType = wrapper.application; includeInIndex = 0; path = CZStatusView.app; sourceTree = BUILT_PRODUCTS_DIR; };
		947195BE226C65140041F431 /* AppDelegate.h */ = {isa = PBXFileReference; lastKnownFileType = sourcecode.c.h; path = AppDelegate.h; sourceTree = "<group>"; };
		947195BF226C65140041F431 /* AppDelegate.m */ = {isa = PBXFileReference; lastKnownFileType = sourcecode.c.objc; path = AppDelegate.m; sourceTree = "<group>"; };
		947195C1226C65140041F431 /* ViewController.h */ = {isa = PBXFileReference; lastKnownFileType = sourcecode.c.h; path = ViewController.h; sourceTree = "<group>"; };
		947195C2226C65140041F431 /* ViewController.m */ = {isa = PBXFileReference; lastKnownFileType = sourcecode.c.objc; path = ViewController.m; sourceTree = "<group>"; };
		947195C5226C65140041F431 /* Base */ = {isa = PBXFileReference; lastKnownFileType = file.storyboard; name = Base; path = Base.lproj/Main.storyboard; sourceTree = "<group>"; };
		947195C7226C65150041F431 /* Assets.xcassets */ = {isa = PBXFileReference; lastKnownFileType = folder.assetcatalog; path = Assets.xcassets; sourceTree = "<group>"; };
		947195CA226C65150041F431 /* Base */ = {isa = PBXFileReference; lastKnownFileType = file.storyboard; name = Base; path = Base.lproj/LaunchScreen.storyboard; sourceTree = "<group>"; };
		947195CC226C65150041F431 /* Info.plist */ = {isa = PBXFileReference; lastKnownFileType = text.plist.xml; path = Info.plist; sourceTree = "<group>"; };
		947195CD226C65150041F431 /* main.m */ = {isa = PBXFileReference; lastKnownFileType = sourcecode.c.objc; path = main.m; sourceTree = "<group>"; };
		C717AC754CAEFAB4BA6D0C66 /* Pods-CZStatusView.debug.xcconfig */ = {isa = PBXFileReference; includeInIndex = 1; lastKnownFileType = text.xcconfig; name = "Pods-CZStatusView.debug.xcconfig"; path = "Pods/Target Support Files/Pods-CZStatusView/Pods-CZStatusView.debug.xcconfig"; sourceTree = "<group>"; };
		E4B7A593F1C92DE5D893EF8B /* Pods-CZStatusView.release.xcconfig */ = {isa = PBXFileReference; includeInIndex = 1; lastKnownFileType = text.xcconfig; name = "Pods-CZStatusView.release.xcconfig"; path = "Pods/Target Support Files/Pods-CZStatusView/Pods-CZStatusView.release.xcconfig"; sourceTree = "<group>"; };
/* End PBXFileReference section */

/* Begin PBXFrameworksBuildPhase section */
		947195B8226C65140041F431 /* Frameworks */ = {
			isa = PBXFrameworksBuildPhase;
			buildActionMask = 2147483647;
			files = (
				602F3A5A3B8484316425828F /* libPods-CZStatusView.a in Frameworks */,
			);
			runOnlyForDeploymentPostprocessing = 0;
		};
/* End PBXFrameworksBuildPhase section */

/* Begin PBXGroup section */
		0E13FAAD62BBC3128F27C308 /* Pods */ = {
			isa = PBXGroup;
			children = (
				C717AC754CAEFAB4BA6D0C66 /* Pods-CZStatusView.debug.xcconfig */,
				E4B7A593F1C92DE5D893EF8B /* Pods-CZStatusView.release.xcconfig */,
			);
			name = Pods;
			sourceTree = "<group>";
		};
		9462893C226DA95D006F75AF /* classes */ = {
			isa = PBXGroup;
			children = (
				9462893D226DA975006F75AF /* CZStatusView.h */,
				9462893E226DA975006F75AF /* CZStatusView.m */,
			);
			path = classes;
			sourceTree = "<group>";
		};
		94628940226DEDC2006F75AF /* demo */ = {
			isa = PBXGroup;
			children = (
				94628941226DEDD2006F75AF /* ProjectStatusView.h */,
				94628942226DEDD2006F75AF /* ProjectStatusView.m */,
			);
			path = demo;
			sourceTree = "<group>";
		};
		947195B2226C65140041F431 = {
			isa = PBXGroup;
			children = (
				947195BD226C65140041F431 /* CZStatusView */,
				947195BC226C65140041F431 /* Products */,
				0E13FAAD62BBC3128F27C308 /* Pods */,
				A8EB1C23A9CD9B9116285977 /* Frameworks */,
			);
			sourceTree = "<group>";
		};
		947195BC226C65140041F431 /* Products */ = {
			isa = PBXGroup;
			children = (
				947195BB226C65140041F431 /* CZStatusView.app */,
			);
			name = Products;
			sourceTree = "<group>";
		};
		947195BD226C65140041F431 /* CZStatusView */ = {
			isa = PBXGroup;
			children = (
				94628940226DEDC2006F75AF /* demo */,
				9462893C226DA95D006F75AF /* classes */,
				947195BE226C65140041F431 /* AppDelegate.h */,
				947195BF226C65140041F431 /* AppDelegate.m */,
				947195C1226C65140041F431 /* ViewController.h */,
				947195C2226C65140041F431 /* ViewController.m */,
				947195C4226C65140041F431 /* Main.storyboard */,
				947195C7226C65150041F431 /* Assets.xcassets */,
				947195C9226C65150041F431 /* LaunchScreen.storyboard */,
				947195CC226C65150041F431 /* Info.plist */,
				947195CD226C65150041F431 /* main.m */,
			);
			path = CZStatusView;
			sourceTree = "<group>";
		};
		A8EB1C23A9CD9B9116285977 /* Frameworks */ = {
			isa = PBXGroup;
			children = (
				54FE6349DF2276942D47FF7B /* libPods-CZStatusView.a */,
			);
			name = Frameworks;
			sourceTree = "<group>";
		};
/* End PBXGroup section */

/* Begin PBXNativeTarget section */
		947195BA226C65140041F431 /* CZStatusView */ = {
			isa = PBXNativeTarget;
			buildConfigurationList = 947195D1226C65150041F431 /* Build configuration list for PBXNativeTarget "CZStatusView" */;
			buildPhases = (
				7468E3EF591473EE6D8D6EB8 /* [CP] Check Pods Manifest.lock */,
				947195B7226C65140041F431 /* Sources */,
				947195B8226C65140041F431 /* Frameworks */,
				947195B9226C65140041F431 /* Resources */,
			);
			buildRules = (
			);
			dependencies = (
			);
			name = CZStatusView;
			productName = CZStatusView;
			productReference = 947195BB226C65140041F431 /* CZStatusView.app */;
			productType = "com.apple.product-type.application";
		};
/* End PBXNativeTarget section */

/* Begin PBXProject section */
		947195B3226C65140041F431 /* Project object */ = {
			isa = PBXProject;
			attributes = {
				LastUpgradeCheck = 1010;
				ORGANIZATIONNAME = ChenZhe;
				TargetAttributes = {
					947195BA226C65140041F431 = {
						CreatedOnToolsVersion = 10.1;
					};
				};
			};
			buildConfigurationList = 947195B6226C65140041F431 /* Build configuration list for PBXProject "CZStatusView" */;
			compatibilityVersion = "Xcode 9.3";
			developmentRegion = en;
			hasScannedForEncodings = 0;
			knownRegions = (
				en,
				Base,
			);
			mainGroup = 947195B2226C65140041F431;
			productRefGroup = 947195BC226C65140041F431 /* Products */;
			projectDirPath = "";
			projectRoot = "";
			targets = (
				947195BA226C65140041F431 /* CZStatusView */,
			);
		};
/* End PBXProject section */

/* Begin PBXResourcesBuildPhase section */
		947195B9226C65140041F431 /* Resources */ = {
			isa = PBXResourcesBuildPhase;
			buildActionMask = 2147483647;
			files = (
				947195CB226C65150041F431 /* LaunchScreen.storyboard in Resources */,
				947195C8226C65150041F431 /* Assets.xcassets in Resources */,
				947195C6226C65140041F431 /* Main.storyboard in Resources */,
			);
			runOnlyForDeploymentPostprocessing = 0;
		};
/* End PBXResourcesBuildPhase section */

/* Begin PBXShellScriptBuildPhase section */
		7468E3EF591473EE6D8D6EB8 /* [CP] Check Pods Manifest.lock */ = {
			isa = PBXShellScriptBuildPhase;
			buildActionMask = 2147483647;
			files = (
			);
			inputPaths = (
				"${PODS_PODFILE_DIR_PATH}/Podfile.lock",
				"${PODS_ROOT}/Manifest.lock",
			);
			name = "[CP] Check Pods Manifest.lock";
			outputPaths = (
				"$(DERIVED_FILE_DIR)/Pods-CZStatusView-checkManifestLockResult.txt",
			);
			runOnlyForDeploymentPostprocessing = 0;
			shellPath = /bin/sh;
			shellScript = "diff \"${PODS_PODFILE_DIR_PATH}/Podfile.lock\" \"${PODS_ROOT}/Manifest.lock\" > /dev/null\nif [ $? != 0 ] ; then\n    # print error to STDERR\n    echo \"error: The sandbox is not in sync with the Podfile.lock. Run 'pod install' or update your CocoaPods installation.\" >&2\n    exit 1\nfi\n# This output is used by Xcode 'outputs' to avoid re-running this script phase.\necho \"SUCCESS\" > \"${SCRIPT_OUTPUT_FILE_0}\"\n";
			showEnvVarsInLog = 0;
		};
/* End PBXShellScriptBuildPhase section */

/* Begin PBXSourcesBuildPhase section */
		947195B7226C65140041F431 /* Sources */ = {
			isa = PBXSourcesBuildPhase;
			buildActionMask = 2147483647;
			files = (
				947195C3226C65140041F431 /* ViewController.m in Sources */,
				94628943226DEDD2006F75AF /* ProjectStatusView.m in Sources */,
				9462893F226DA975006F75AF /* CZStatusView.m in Sources */,
				947195CE226C65150041F431 /* main.m in Sources */,
				947195C0226C65140041F431 /* AppDelegate.m in Sources */,
			);
			runOnlyForDeploymentPostprocessing = 0;
		};
/* End PBXSourcesBuildPhase section */

/* Begin PBXVariantGroup section */
		947195C4226C65140041F431 /* Main.storyboard */ = {
			isa = PBXVariantGroup;
			children = (
				947195C5226C65140041F431 /* Base */,
			);
			name = Main.storyboard;
			sourceTree = "<group>";
		};
		947195C9226C65150041F431 /* LaunchScreen.storyboard */ = {
			isa = PBXVariantGroup;
			children = (
				947195CA226C65150041F431 /* Base */,
			);
			name = LaunchScreen.storyboard;
			sourceTree = "<group>";
		};
/* End PBXVariantGroup section */

/* Begin XCBuildConfiguration section */
		947195CF226C65150041F431 /* Debug */ = {
			isa = XCBuildConfiguration;
			buildSettings = {
				ALWAYS_SEARCH_USER_PATHS = NO;
				CLANG_ANALYZER_NONNULL = YES;
				CLANG_ANALYZER_NUMBER_OBJECT_CONVERSION = YES_AGGRESSIVE;
				CLANG_CXX_LANGUAGE_STANDARD = "gnu++14";
				CLANG_CXX_LIBRARY = "libc++";
				CLANG_ENABLE_MODULES = YES;
				CLANG_ENABLE_OBJC_ARC = YES;
				CLANG_ENABLE_OBJC_WEAK = YES;
				CLANG_WARN_BLOCK_CAPTURE_AUTORELEASING = YES;
				CLANG_WARN_BOOL_CONVERSION = YES;
				CLANG_WARN_COMMA = YES;
				CLANG_WARN_CONSTANT_CONVERSION = YES;
				CLANG_WARN_DEPRECATED_OBJC_IMPLEMENTATIONS = YES;
				CLANG_WARN_DIRECT_OBJC_ISA_USAGE = YES_ERROR;
				CLANG_WARN_DOCUMENTATION_COMMENTS = YES;
				CLANG_WARN_EMPTY_BODY = YES;
				CLANG_WARN_ENUM_CONVERSION = YES;
				CLANG_WARN_INFINITE_RECURSION = YES;
				CLANG_WARN_INT_CONVERSION = YES;
				CLANG_WARN_NON_LITERAL_NULL_CONVERSION = YES;
				CLANG_WARN_OBJC_IMPLICIT_RETAIN_SELF = YES;
				CLANG_WARN_OBJC_LITERAL_CONVERSION = YES;
				CLANG_WARN_OBJC_ROOT_CLASS = YES_ERROR;
				CLANG_WARN_RANGE_LOOP_ANALYSIS = YES;
				CLANG_WARN_STRICT_PROTOTYPES = YES;
				CLANG_WARN_SUSPICIOUS_MOVE = YES;
				CLANG_WARN_UNGUARDED_AVAILABILITY = YES_AGGRESSIVE;
				CLANG_WARN_UNREACHABLE_CODE = YES;
				CLANG_WARN__DUPLICATE_METHOD_MATCH = YES;
				CODE_SIGN_IDENTITY = "iPhone Developer";
				COPY_PHASE_STRIP = NO;
				DEBUG_INFORMATION_FORMAT = dwarf;
				ENABLE_STRICT_OBJC_MSGSEND = YES;
				ENABLE_TESTABILITY = YES;
				GCC_C_LANGUAGE_STANDARD = gnu11;
				GCC_DYNAMIC_NO_PIC = NO;
				GCC_NO_COMMON_BLOCKS = YES;
				GCC_OPTIMIZATION_LEVEL = 0;
				GCC_PREPROCESSOR_DEFINITIONS = (
					"DEBUG=1",
					"$(inherited)",
				);
				GCC_WARN_64_TO_32_BIT_CONVERSION = YES;
				GCC_WARN_ABOUT_RETURN_TYPE = YES_ERROR;
				GCC_WARN_UNDECLARED_SELECTOR = YES;
				GCC_WARN_UNINITIALIZED_AUTOS = YES_AGGRESSIVE;
				GCC_WARN_UNUSED_FUNCTION = YES;
				GCC_WARN_UNUSED_VARIABLE = YES;
				IPHONEOS_DEPLOYMENT_TARGET = 12.1;
				MTL_ENABLE_DEBUG_INFO = INCLUDE_SOURCE;
				MTL_FAST_MATH = YES;
				ONLY_ACTIVE_ARCH = YES;
				SDKROOT = iphoneos;
			};
			name = Debug;
		};
		947195D0226C65150041F431 /* Release */ = {
			isa = XCBuildConfiguration;
			buildSettings = {
				ALWAYS_SEARCH_USER_PATHS = NO;
				CLANG_ANALYZER_NONNULL = YES;
				CLANG_ANALYZER_NUMBER_OBJECT_CONVERSION = YES_AGGRESSIVE;
				CLANG_CXX_LANGUAGE_STANDARD = "gnu++14";
				CLANG_CXX_LIBRARY = "libc++";
				CLANG_ENABLE_MODULES = YES;
				CLANG_ENABLE_OBJC_ARC = YES;
				CLANG_ENABLE_OBJC_WEAK = YES;
				CLANG_WARN_BLOCK_CAPTURE_AUTORELEASING = YES;
				CLANG_WARN_BOOL_CONVERSION = YES;
				CLANG_WARN_COMMA = YES;
				CLANG_WARN_CONSTANT_CONVERSION = YES;
				CLANG_WARN_DEPRECATED_OBJC_IMPLEMENTATIONS = YES;
				CLANG_WARN_DIRECT_OBJC_ISA_USAGE = YES_ERROR;
				CLANG_WARN_DOCUMENTATION_COMMENTS = YES;
				CLANG_WARN_EMPTY_BODY = YES;
				CLANG_WARN_ENUM_CONVERSION = YES;
				CLANG_WARN_INFINITE_RECURSION = YES;
				CLANG_WARN_INT_CONVERSION = YES;
				CLANG_WARN_NON_LITERAL_NULL_CONVERSION = YES;
				CLANG_WARN_OBJC_IMPLICIT_RETAIN_SELF = YES;
				CLANG_WARN_OBJC_LITERAL_CONVERSION = YES;
				CLANG_WARN_OBJC_ROOT_CLASS = YES_ERROR;
				CLANG_WARN_RANGE_LOOP_ANALYSIS = YES;
				CLANG_WARN_STRICT_PROTOTYPES = YES;
				CLANG_WARN_SUSPICIOUS_MOVE = YES;
				CLANG_WARN_UNGUARDED_AVAILABILITY = YES_AGGRESSIVE;
				CLANG_WARN_UNREACHABLE_CODE = YES;
				CLANG_WARN__DUPLICATE_METHOD_MATCH = YES;
				CODE_SIGN_IDENTITY = "iPhone Developer";
				COPY_PHASE_STRIP = NO;
				DEBUG_INFORMATION_FORMAT = "dwarf-with-dsym";
				ENABLE_NS_ASSERTIONS = NO;
				ENABLE_STRICT_OBJC_MSGSEND = YES;
				GCC_C_LANGUAGE_STANDARD = gnu11;
				GCC_NO_COMMON_BLOCKS = YES;
				GCC_WARN_64_TO_32_BIT_CONVERSION = YES;
				GCC_WARN_ABOUT_RETURN_TYPE = YES_ERROR;
				GCC_WARN_UNDECLARED_SELECTOR = YES;
				GCC_WARN_UNINITIALIZED_AUTOS = YES_AGGRESSIVE;
				GCC_WARN_UNUSED_FUNCTION = YES;
				GCC_WARN_UNUSED_VARIABLE = YES;
				IPHONEOS_DEPLOYMENT_TARGET = 12.1;
				MTL_ENABLE_DEBUG_INFO = NO;
				MTL_FAST_MATH = YES;
				SDKROOT = iphoneos;
				VALIDATE_PRODUCT = YES;
			};
			name = Release;
		};
		947195D2226C65150041F431 /* Debug */ = {
			isa = XCBuildConfiguration;
			baseConfigurationReference = C717AC754CAEFAB4BA6D0C66 /* Pods-CZStatusView.debug.xcconfig */;
			buildSettings = {
				ASSETCATALOG_COMPILER_APPICON_NAME = AppIcon;
				CODE_SIGN_STYLE = Automatic;
				INFOPLIST_FILE = CZStatusView/Info.plist;
				LD_RUNPATH_SEARCH_PATHS = (
					"$(inherited)",
					"@executable_path/Frameworks",
				);
				PRODUCT_BUNDLE_IDENTIFIER = com.chenzhe.CZStatusView;
				PRODUCT_NAME = "$(TARGET_NAME)";
				TARGETED_DEVICE_FAMILY = "1,2";
			};
			name = Debug;
		};
		947195D3226C65150041F431 /* Release */ = {
			isa = XCBuildConfiguration;
			baseConfigurationReference = E4B7A593F1C92DE5D893EF8B /* Pods-CZStatusView.release.xcconfig */;
			buildSettings = {
				ASSETCATALOG_COMPILER_APPICON_NAME = AppIcon;
				CODE_SIGN_STYLE = Automatic;
				INFOPLIST_FILE = CZStatusView/Info.plist;
				LD_RUNPATH_SEARCH_PATHS = (
					"$(inherited)",
					"@executable_path/Frameworks",
				);
				PRODUCT_BUNDLE_IDENTIFIER = com.chenzhe.CZStatusView;
				PRODUCT_NAME = "$(TARGET_NAME)";
				TARGETED_DEVICE_FAMILY = "1,2";
			};
			name = Release;
		};
/* End XCBuildConfiguration section */

/* Begin XCConfigurationList section */
		947195B6226C65140041F431 /* Build configuration list for PBXProject "CZStatusView" */ = {
			isa = XCConfigurationList;
			buildConfigurations = (
				947195CF226C65150041F431 /* Debug */,
				947195D0226C65150041F431 /* Release */,
			);
			defaultConfigurationIsVisible = 0;
			defaultConfigurationName = Release;
		};
		947195D1226C65150041F431 /* Build configuration list for PBXNativeTarget "CZStatusView" */ = {
			isa = XCConfigurationList;
			buildConfigurations = (
				947195D2226C65150041F431 /* Debug */,
				947195D3226C65150041F431 /* Release */,
			);
			defaultConfigurationIsVisible = 0;
			defaultConfigurationName = Release;
		};
/* End XCConfigurationList section */
	};
	rootObject = 947195B3226C65140041F431 /* Project object */;
}
